
Microsoft Visual Studio Solution File, Format Version 12.00
# Visual Studio Version 17
VisualStudioVersion = 17.6.33801.468
MinimumVisualStudioVersion = 10.0.40219.1
Project("{FAE04EC0-301F-11D3-BF4B-00C04F79EFBC}") = "TestFactoryMethodDesignPattern", "TestFactoryMethodDesignPattern\TestFactoryMethodDesignPattern.csproj", "{23641DBF-82EB-4670-9CE5-77AA2965105F}"
EndProject
Global
	GlobalSection(SolutionConfigurationPlatforms) = preSolution
		Debug|Any CPU = Debug|Any CPU
		Release|Any CPU = Release|Any CPU
	EndGlobalSection
	GlobalSection(ProjectConfigurationPlatforms) = postSolution
		{23641DBF-82EB-4670-9CE5-77AA2965105F}.Debug|Any CPU.ActiveCfg = Debug|Any CPU
		{23641DBF-82EB-4670-9CE5-77AA2965105F}.Debug|Any CPU.Build.0 = Debug|Any CPU
		{23641DBF-82EB-4670-9CE5-77AA2965105F}.Release|Any CPU.ActiveCfg = Release|Any CPU
		{23641DBF-82EB-4670-9CE5-77AA2965105F}.Release|Any CPU.Build.0 = Release|Any CPU
	EndGlobalSection
	GlobalSection(SolutionProperties) = preSolution
		HideSolutionNode = FALSE
	EndGlobalSection
	GlobalSection(ExtensibilityGlobals) = postSolution
		SolutionGuid = {D78B14E8-3635-4736-9DED-DFADD1589437}
	EndGlobalSection
EndGlobal
